// !$*UTF8*$!
{
	archiveVersion = 1;
	classes = {
	};
	objectVersion = 56;
	objects = {

/* Begin PBXBuildFile section */
		030204D02B07132C00A8779B /* FirebaseAnalytics in Frameworks */ = {isa = PBXBuildFile; productRef = 030204CF2B07132C00A8779B /* FirebaseAnalytics */; };
		030204D22B07132C00A8779B /* FirebaseAnalyticsOnDeviceConversion in Frameworks */ = {isa = PBXBuildFile; productRef = 030204D12B07132C00A8779B /* FirebaseAnalyticsOnDeviceConversion */; };
		030204D42B07132C00A8779B /* FirebaseAnalyticsSwift in Frameworks */ = {isa = PBXBuildFile; productRef = 030204D32B07132C00A8779B /* FirebaseAnalyticsSwift */; };
		030204D62B07132C00A8779B /* FirebaseAnalyticsWithoutAdIdSupport in Frameworks */ = {isa = PBXBuildFile; productRef = 030204D52B07132C00A8779B /* FirebaseAnalyticsWithoutAdIdSupport */; };
		030204D82B07132C00A8779B /* FirebaseAppCheck in Frameworks */ = {isa = PBXBuildFile; productRef = 030204D72B07132C00A8779B /* FirebaseAppCheck */; };
		030204DA2B07132C00A8779B /* FirebaseAppDistribution-Beta in Frameworks */ = {isa = PBXBuildFile; productRef = 030204D92B07132C00A8779B /* FirebaseAppDistribution-Beta */; };
		030204DC2B07132C00A8779B /* FirebaseAuth in Frameworks */ = {isa = PBXBuildFile; productRef = 030204DB2B07132C00A8779B /* FirebaseAuth */; };
		030204DE2B07132C00A8779B /* FirebaseAuthCombine-Community in Frameworks */ = {isa = PBXBuildFile; productRef = 030204DD2B07132C00A8779B /* FirebaseAuthCombine-Community */; };
		030204E02B07132C00A8779B /* FirebaseCrashlytics in Frameworks */ = {isa = PBXBuildFile; productRef = 030204DF2B07132C00A8779B /* FirebaseCrashlytics */; };
		030204E22B07132C00A8779B /* FirebaseDatabase in Frameworks */ = {isa = PBXBuildFile; productRef = 030204E12B07132C00A8779B /* FirebaseDatabase */; };
		030204E42B07132C00A8779B /* FirebaseDatabaseSwift in Frameworks */ = {isa = PBXBuildFile; productRef = 030204E32B07132C00A8779B /* FirebaseDatabaseSwift */; };
		030204E62B07132C00A8779B /* FirebaseDynamicLinks in Frameworks */ = {isa = PBXBuildFile; productRef = 030204E52B07132C00A8779B /* FirebaseDynamicLinks */; };
		030204E82B07132C00A8779B /* FirebaseFirestore in Frameworks */ = {isa = PBXBuildFile; productRef = 030204E72B07132C00A8779B /* FirebaseFirestore */; };
		030204EA2B07132C00A8779B /* FirebaseFirestoreCombine-Community in Frameworks */ = {isa = PBXBuildFile; productRef = 030204E92B07132C00A8779B /* FirebaseFirestoreCombine-Community */; };
		030204EC2B07132C00A8779B /* FirebaseFirestoreSwift in Frameworks */ = {isa = PBXBuildFile; productRef = 030204EB2B07132C00A8779B /* FirebaseFirestoreSwift */; };
		030204EE2B07132C00A8779B /* FirebaseFunctions in Frameworks */ = {isa = PBXBuildFile; productRef = 030204ED2B07132C00A8779B /* FirebaseFunctions */; };
		030204F02B07132C00A8779B /* FirebaseFunctionsCombine-Community in Frameworks */ = {isa = PBXBuildFile; productRef = 030204EF2B07132C00A8779B /* FirebaseFunctionsCombine-Community */; };
		030204F22B07132C00A8779B /* FirebaseInAppMessaging-Beta in Frameworks */ = {isa = PBXBuildFile; productRef = 030204F12B07132C00A8779B /* FirebaseInAppMessaging-Beta */; };
		030204F42B07132C00A8779B /* FirebaseInAppMessagingSwift-Beta in Frameworks */ = {isa = PBXBuildFile; productRef = 030204F32B07132C00A8779B /* FirebaseInAppMessagingSwift-Beta */; };
		030204F62B07132C00A8779B /* FirebaseInstallations in Frameworks */ = {isa = PBXBuildFile; productRef = 030204F52B07132C00A8779B /* FirebaseInstallations */; };
		030204F82B07132C00A8779B /* FirebaseMLModelDownloader in Frameworks */ = {isa = PBXBuildFile; productRef = 030204F72B07132C00A8779B /* FirebaseMLModelDownloader */; };
		030204FA2B07132C00A8779B /* FirebaseMessaging in Frameworks */ = {isa = PBXBuildFile; productRef = 030204F92B07132C00A8779B /* FirebaseMessaging */; };
		030204FC2B07132C00A8779B /* FirebasePerformance in Frameworks */ = {isa = PBXBuildFile; productRef = 030204FB2B07132C00A8779B /* FirebasePerformance */; };
		030204FE2B07132C00A8779B /* FirebaseRemoteConfig in Frameworks */ = {isa = PBXBuildFile; productRef = 030204FD2B07132C00A8779B /* FirebaseRemoteConfig */; };
		030205002B07132C00A8779B /* FirebaseRemoteConfigSwift in Frameworks */ = {isa = PBXBuildFile; productRef = 030204FF2B07132C00A8779B /* FirebaseRemoteConfigSwift */; };
		030205022B07132C00A8779B /* FirebaseStorage in Frameworks */ = {isa = PBXBuildFile; productRef = 030205012B07132C00A8779B /* FirebaseStorage */; };
		030205042B07132C00A8779B /* FirebaseStorageCombine-Community in Frameworks */ = {isa = PBXBuildFile; productRef = 030205032B07132C00A8779B /* FirebaseStorageCombine-Community */; };
		030205062B07193400A8779B /* GoogleService-Info.plist in Resources */ = {isa = PBXBuildFile; fileRef = 030205052B07193400A8779B /* GoogleService-Info.plist */; };
		03D0D2D72AFC4823006DDFC9 /* AppDelegate.swift in Sources */ = {isa = PBXBuildFile; fileRef = 03D0D2D62AFC4823006DDFC9 /* AppDelegate.swift */; };
		03D0D2D92AFC4823006DDFC9 /* SceneDelegate.swift in Sources */ = {isa = PBXBuildFile; fileRef = 03D0D2D82AFC4823006DDFC9 /* SceneDelegate.swift */; };
		03D0D2DB2AFC4823006DDFC9 /* ViewController.swift in Sources */ = {isa = PBXBuildFile; fileRef = 03D0D2DA2AFC4823006DDFC9 /* ViewController.swift */; };
		03D0D2DE2AFC4823006DDFC9 /* Main.storyboard in Resources */ = {isa = PBXBuildFile; fileRef = 03D0D2DC2AFC4823006DDFC9 /* Main.storyboard */; };
		03D0D2E02AFC4826006DDFC9 /* Assets.xcassets in Resources */ = {isa = PBXBuildFile; fileRef = 03D0D2DF2AFC4826006DDFC9 /* Assets.xcassets */; };
		03D0D2E32AFC4826006DDFC9 /* LaunchScreen.storyboard in Resources */ = {isa = PBXBuildFile; fileRef = 03D0D2E12AFC4826006DDFC9 /* LaunchScreen.storyboard */; };
		03D0D2ED2AFC6D27006DDFC9 /* TableViewController.swift in Sources */ = {isa = PBXBuildFile; fileRef = 03D0D2EC2AFC6D27006DDFC9 /* TableViewController.swift */; };
		03D0D2EF2AFC7092006DDFC9 /* DetailedViewController.swift in Sources */ = {isa = PBXBuildFile; fileRef = 03D0D2EE2AFC7092006DDFC9 /* DetailedViewController.swift */; };
		03D0D2F12AFC72A1006DDFC9 /* AddTripController.swift in Sources */ = {isa = PBXBuildFile; fileRef = 03D0D2F02AFC72A1006DDFC9 /* AddTripController.swift */; };
/* End PBXBuildFile section */

/* Begin PBXFileReference section */
		030205052B07193400A8779B /* GoogleService-Info.plist */ = {isa = PBXFileReference; fileEncoding = 4; lastKnownFileType = text.plist.xml; path = "GoogleService-Info.plist"; sourceTree = "<group>"; };
		03D0D2D32AFC4823006DDFC9 /* Travel Buds.app */ = {isa = PBXFileReference; explicitFileType = wrapper.application; includeInIndex = 0; path = "Travel Buds.app"; sourceTree = BUILT_PRODUCTS_DIR; };
		03D0D2D62AFC4823006DDFC9 /* AppDelegate.swift */ = {isa = PBXFileReference; lastKnownFileType = sourcecode.swift; path = AppDelegate.swift; sourceTree = "<group>"; };
		03D0D2D82AFC4823006DDFC9 /* SceneDelegate.swift */ = {isa = PBXFileReference; lastKnownFileType = sourcecode.swift; path = SceneDelegate.swift; sourceTree = "<group>"; };
		03D0D2DA2AFC4823006DDFC9 /* ViewController.swift */ = {isa = PBXFileReference; lastKnownFileType = sourcecode.swift; path = ViewController.swift; sourceTree = "<group>"; };
		03D0D2DD2AFC4823006DDFC9 /* Base */ = {isa = PBXFileReference; lastKnownFileType = file.storyboard; name = Base; path = Base.lproj/Main.storyboard; sourceTree = "<group>"; };
		03D0D2DF2AFC4826006DDFC9 /* Assets.xcassets */ = {isa = PBXFileReference; lastKnownFileType = folder.assetcatalog; path = Assets.xcassets; sourceTree = "<group>"; };
		03D0D2E22AFC4826006DDFC9 /* Base */ = {isa = PBXFileReference; lastKnownFileType = file.storyboard; name = Base; path = Base.lproj/LaunchScreen.storyboard; sourceTree = "<group>"; };
		03D0D2E42AFC4826006DDFC9 /* Info.plist */ = {isa = PBXFileReference; lastKnownFileType = text.plist.xml; path = Info.plist; sourceTree = "<group>"; };
		03D0D2EC2AFC6D27006DDFC9 /* TableViewController.swift */ = {isa = PBXFileReference; lastKnownFileType = sourcecode.swift; path = TableViewController.swift; sourceTree = "<group>"; };
		03D0D2EE2AFC7092006DDFC9 /* DetailedViewController.swift */ = {isa = PBXFileReference; lastKnownFileType = sourcecode.swift; path = DetailedViewController.swift; sourceTree = "<group>"; };
		03D0D2F02AFC72A1006DDFC9 /* AddTripController.swift */ = {isa = PBXFileReference; lastKnownFileType = sourcecode.swift; path = AddTripController.swift; sourceTree = "<group>"; };
/* End PBXFileReference section */

/* Begin PBXFrameworksBuildPhase section */
		03D0D2D02AFC4823006DDFC9 /* Frameworks */ = {
			isa = PBXFrameworksBuildPhase;
			buildActionMask = 2147483647;
			files = (
				030204E22B07132C00A8779B /* FirebaseDatabase in Frameworks */,
				030204F02B07132C00A8779B /* FirebaseFunctionsCombine-Community in Frameworks */,
				030204E82B07132C00A8779B /* FirebaseFirestore in Frameworks */,
				030204D42B07132C00A8779B /* FirebaseAnalyticsSwift in Frameworks */,
				030204D02B07132C00A8779B /* FirebaseAnalytics in Frameworks */,
				030204D22B07132C00A8779B /* FirebaseAnalyticsOnDeviceConversion in Frameworks */,
				030204F82B07132C00A8779B /* FirebaseMLModelDownloader in Frameworks */,
				030204EC2B07132C00A8779B /* FirebaseFirestoreSwift in Frameworks */,
				030204D82B07132C00A8779B /* FirebaseAppCheck in Frameworks */,
				030204D62B07132C00A8779B /* FirebaseAnalyticsWithoutAdIdSupport in Frameworks */,
				030204DC2B07132C00A8779B /* FirebaseAuth in Frameworks */,
				030204E02B07132C00A8779B /* FirebaseCrashlytics in Frameworks */,
				030205002B07132C00A8779B /* FirebaseRemoteConfigSwift in Frameworks */,
				030204F22B07132C00A8779B /* FirebaseInAppMessaging-Beta in Frameworks */,
				030204E42B07132C00A8779B /* FirebaseDatabaseSwift in Frameworks */,
				030204EE2B07132C00A8779B /* FirebaseFunctions in Frameworks */,
				030205042B07132C00A8779B /* FirebaseStorageCombine-Community in Frameworks */,
				030204FE2B07132C00A8779B /* FirebaseRemoteConfig in Frameworks */,
				030204DA2B07132C00A8779B /* FirebaseAppDistribution-Beta in Frameworks */,
				030204DE2B07132C00A8779B /* FirebaseAuthCombine-Community in Frameworks */,
				030204FC2B07132C00A8779B /* FirebasePerformance in Frameworks */,
				030204F42B07132C00A8779B /* FirebaseInAppMessagingSwift-Beta in Frameworks */,
				030205022B07132C00A8779B /* FirebaseStorage in Frameworks */,
				030204E62B07132C00A8779B /* FirebaseDynamicLinks in Frameworks */,
				030204EA2B07132C00A8779B /* FirebaseFirestoreCombine-Community in Frameworks */,
				030204FA2B07132C00A8779B /* FirebaseMessaging in Frameworks */,
				030204F62B07132C00A8779B /* FirebaseInstallations in Frameworks */,
			);
			runOnlyForDeploymentPostprocessing = 0;
		};
/* End PBXFrameworksBuildPhase section */

/* Begin PBXGroup section */
		03D0D2CA2AFC4823006DDFC9 = {
			isa = PBXGroup;
			children = (
				03D0D2D52AFC4823006DDFC9 /* Travel Buds */,
				03D0D2D42AFC4823006DDFC9 /* Products */,
			);
			sourceTree = "<group>";
		};
		03D0D2D42AFC4823006DDFC9 /* Products */ = {
			isa = PBXGroup;
			children = (
				03D0D2D32AFC4823006DDFC9 /* Travel Buds.app */,
			);
			name = Products;
			sourceTree = "<group>";
		};
		03D0D2D52AFC4823006DDFC9 /* Travel Buds */ = {
			isa = PBXGroup;
			children = (
				03D0D2D62AFC4823006DDFC9 /* AppDelegate.swift */,
				03D0D2D82AFC4823006DDFC9 /* SceneDelegate.swift */,
				03D0D2DA2AFC4823006DDFC9 /* ViewController.swift */,
				03D0D2EC2AFC6D27006DDFC9 /* TableViewController.swift */,
				03D0D2F02AFC72A1006DDFC9 /* AddTripController.swift */,
				030205052B07193400A8779B /* GoogleService-Info.plist */,
				03D0D2EE2AFC7092006DDFC9 /* DetailedViewController.swift */,
				03D0D2DC2AFC4823006DDFC9 /* Main.storyboard */,
				03D0D2DF2AFC4826006DDFC9 /* Assets.xcassets */,
				03D0D2E12AFC4826006DDFC9 /* LaunchScreen.storyboard */,
				03D0D2E42AFC4826006DDFC9 /* Info.plist */,
			);
			path = "Travel Buds";
			sourceTree = "<group>";
		};
/* End PBXGroup section */

/* Begin PBXNativeTarget section */
		03D0D2D22AFC4823006DDFC9 /* Travel Buds */ = {
			isa = PBXNativeTarget;
			buildConfigurationList = 03D0D2E72AFC4826006DDFC9 /* Build configuration list for PBXNativeTarget "Travel Buds" */;
			buildPhases = (
				03D0D2CF2AFC4823006DDFC9 /* Sources */,
				03D0D2D02AFC4823006DDFC9 /* Frameworks */,
				03D0D2D12AFC4823006DDFC9 /* Resources */,
			);
			buildRules = (
			);
			dependencies = (
			);
			name = "Travel Buds";
			packageProductDependencies = (
				030204CF2B07132C00A8779B /* FirebaseAnalytics */,
				030204D12B07132C00A8779B /* FirebaseAnalyticsOnDeviceConversion */,
				030204D32B07132C00A8779B /* FirebaseAnalyticsSwift */,
				030204D52B07132C00A8779B /* FirebaseAnalyticsWithoutAdIdSupport */,
				030204D72B07132C00A8779B /* FirebaseAppCheck */,
				030204D92B07132C00A8779B /* FirebaseAppDistribution-Beta */,
				030204DB2B07132C00A8779B /* FirebaseAuth */,
				030204DD2B07132C00A8779B /* FirebaseAuthCombine-Community */,
				030204DF2B07132C00A8779B /* FirebaseCrashlytics */,
				030204E12B07132C00A8779B /* FirebaseDatabase */,
				030204E32B07132C00A8779B /* FirebaseDatabaseSwift */,
				030204E52B07132C00A8779B /* FirebaseDynamicLinks */,
				030204E72B07132C00A8779B /* FirebaseFirestore */,
				030204E92B07132C00A8779B /* FirebaseFirestoreCombine-Community */,
				030204EB2B07132C00A8779B /* FirebaseFirestoreSwift */,
				030204ED2B07132C00A8779B /* FirebaseFunctions */,
				030204EF2B07132C00A8779B /* FirebaseFunctionsCombine-Community */,
				030204F12B07132C00A8779B /* FirebaseInAppMessaging-Beta */,
				030204F32B07132C00A8779B /* FirebaseInAppMessagingSwift-Beta */,
				030204F52B07132C00A8779B /* FirebaseInstallations */,
				030204F72B07132C00A8779B /* FirebaseMLModelDownloader */,
				030204F92B07132C00A8779B /* FirebaseMessaging */,
				030204FB2B07132C00A8779B /* FirebasePerformance */,
				030204FD2B07132C00A8779B /* FirebaseRemoteConfig */,
				030204FF2B07132C00A8779B /* FirebaseRemoteConfigSwift */,
				030205012B07132C00A8779B /* FirebaseStorage */,
				030205032B07132C00A8779B /* FirebaseStorageCombine-Community */,
			);
			productName = "Travel Buds";
			productReference = 03D0D2D32AFC4823006DDFC9 /* Travel Buds.app */;
			productType = "com.apple.product-type.application";
		};
/* End PBXNativeTarget section */

/* Begin PBXProject section */
		03D0D2CB2AFC4823006DDFC9 /* Project object */ = {
			isa = PBXProject;
			attributes = {
				BuildIndependentTargetsInParallel = 1;
				LastSwiftUpdateCheck = 1500;
				LastUpgradeCheck = 1500;
				TargetAttributes = {
					03D0D2D22AFC4823006DDFC9 = {
						CreatedOnToolsVersion = 15.0.1;
					};
				};
			};
			buildConfigurationList = 03D0D2CE2AFC4823006DDFC9 /* Build configuration list for PBXProject "Travel Buds" */;
			compatibilityVersion = "Xcode 14.0";
			developmentRegion = en;
			hasScannedForEncodings = 0;
			knownRegions = (
				en,
				Base,
			);
			mainGroup = 03D0D2CA2AFC4823006DDFC9;
			packageReferences = (
				030204CE2B07132C00A8779B /* XCRemoteSwiftPackageReference "firebase-ios-sdk" */,
			);
			productRefGroup = 03D0D2D42AFC4823006DDFC9 /* Products */;
			projectDirPath = "";
			projectRoot = "";
			targets = (
				03D0D2D22AFC4823006DDFC9 /* Travel Buds */,
			);
		};
/* End PBXProject section */

/* Begin PBXResourcesBuildPhase section */
		03D0D2D12AFC4823006DDFC9 /* Resources */ = {
			isa = PBXResourcesBuildPhase;
			buildActionMask = 2147483647;
			files = (
				03D0D2E32AFC4826006DDFC9 /* LaunchScreen.storyboard in Resources */,
				030205062B07193400A8779B /* GoogleService-Info.plist in Resources */,
				03D0D2E02AFC4826006DDFC9 /* Assets.xcassets in Resources */,
				03D0D2DE2AFC4823006DDFC9 /* Main.storyboard in Resources */,
			);
			runOnlyForDeploymentPostprocessing = 0;
		};
/* End PBXResourcesBuildPhase section */

/* Begin PBXSourcesBuildPhase section */
		03D0D2CF2AFC4823006DDFC9 /* Sources */ = {
			isa = PBXSourcesBuildPhase;
			buildActionMask = 2147483647;
			files = (
				03D0D2DB2AFC4823006DDFC9 /* ViewController.swift in Sources */,
				03D0D2D72AFC4823006DDFC9 /* AppDelegate.swift in Sources */,
				03D0D2F12AFC72A1006DDFC9 /* AddTripController.swift in Sources */,
				03D0D2EF2AFC7092006DDFC9 /* DetailedViewController.swift in Sources */,
				03D0D2D92AFC4823006DDFC9 /* SceneDelegate.swift in Sources */,
				03D0D2ED2AFC6D27006DDFC9 /* TableViewController.swift in Sources */,
			);
			runOnlyForDeploymentPostprocessing = 0;
		};
/* End PBXSourcesBuildPhase section */

/* Begin PBXVariantGroup section */
		03D0D2DC2AFC4823006DDFC9 /* Main.storyboard */ = {
			isa = PBXVariantGroup;
			children = (
				03D0D2DD2AFC4823006DDFC9 /* Base */,
			);
			name = Main.storyboard;
			sourceTree = "<group>";
		};
		03D0D2E12AFC4826006DDFC9 /* LaunchScreen.storyboard */ = {
			isa = PBXVariantGroup;
			children = (
				03D0D2E22AFC4826006DDFC9 /* Base */,
			);
			name = LaunchScreen.storyboard;
			sourceTree = "<group>";
		};
/* End PBXVariantGroup section */

/* Begin XCBuildConfiguration section */
		03D0D2E52AFC4826006DDFC9 /* Debug */ = {
			isa = XCBuildConfiguration;
			buildSettings = {
				ALWAYS_SEARCH_USER_PATHS = NO;
				ASSETCATALOG_COMPILER_GENERATE_SWIFT_ASSET_SYMBOL_EXTENSIONS = YES;
				CLANG_ANALYZER_NONNULL = YES;
				CLANG_ANALYZER_NUMBER_OBJECT_CONVERSION = YES_AGGRESSIVE;
				CLANG_CXX_LANGUAGE_STANDARD = "gnu++20";
				CLANG_ENABLE_MODULES = YES;
				CLANG_ENABLE_OBJC_ARC = YES;
				CLANG_ENABLE_OBJC_WEAK = YES;
				CLANG_WARN_BLOCK_CAPTURE_AUTORELEASING = YES;
				CLANG_WARN_BOOL_CONVERSION = YES;
				CLANG_WARN_COMMA = YES;
				CLANG_WARN_CONSTANT_CONVERSION = YES;
				CLANG_WARN_DEPRECATED_OBJC_IMPLEMENTATIONS = YES;
				CLANG_WARN_DIRECT_OBJC_ISA_USAGE = YES_ERROR;
				CLANG_WARN_DOCUMENTATION_COMMENTS = YES;
				CLANG_WARN_EMPTY_BODY = YES;
				CLANG_WARN_ENUM_CONVERSION = YES;
				CLANG_WARN_INFINITE_RECURSION = YES;
				CLANG_WARN_INT_CONVERSION = YES;
				CLANG_WARN_NON_LITERAL_NULL_CONVERSION = YES;
				CLANG_WARN_OBJC_IMPLICIT_RETAIN_SELF = YES;
				CLANG_WARN_OBJC_LITERAL_CONVERSION = YES;
				CLANG_WARN_OBJC_ROOT_CLASS = YES_ERROR;
				CLANG_WARN_QUOTED_INCLUDE_IN_FRAMEWORK_HEADER = YES;
				CLANG_WARN_RANGE_LOOP_ANALYSIS = YES;
				CLANG_WARN_STRICT_PROTOTYPES = YES;
				CLANG_WARN_SUSPICIOUS_MOVE = YES;
				CLANG_WARN_UNGUARDED_AVAILABILITY = YES_AGGRESSIVE;
				CLANG_WARN_UNREACHABLE_CODE = YES;
				CLANG_WARN__DUPLICATE_METHOD_MATCH = YES;
				COPY_PHASE_STRIP = NO;
				DEBUG_INFORMATION_FORMAT = dwarf;
				ENABLE_STRICT_OBJC_MSGSEND = YES;
				ENABLE_TESTABILITY = YES;
				ENABLE_USER_SCRIPT_SANDBOXING = YES;
				GCC_C_LANGUAGE_STANDARD = gnu17;
				GCC_DYNAMIC_NO_PIC = NO;
				GCC_NO_COMMON_BLOCKS = YES;
				GCC_OPTIMIZATION_LEVEL = 0;
				GCC_PREPROCESSOR_DEFINITIONS = (
					"DEBUG=1",
					"$(inherited)",
				);
				GCC_WARN_64_TO_32_BIT_CONVERSION = YES;
				GCC_WARN_ABOUT_RETURN_TYPE = YES_ERROR;
				GCC_WARN_UNDECLARED_SELECTOR = YES;
				GCC_WARN_UNINITIALIZED_AUTOS = YES_AGGRESSIVE;
				GCC_WARN_UNUSED_FUNCTION = YES;
				GCC_WARN_UNUSED_VARIABLE = YES;
				IPHONEOS_DEPLOYMENT_TARGET = 17.0;
				LOCALIZATION_PREFERS_STRING_CATALOGS = YES;
				MTL_ENABLE_DEBUG_INFO = INCLUDE_SOURCE;
				MTL_FAST_MATH = YES;
				ONLY_ACTIVE_ARCH = YES;
				SDKROOT = iphoneos;
				SWIFT_ACTIVE_COMPILATION_CONDITIONS = "DEBUG $(inherited)";
				SWIFT_OPTIMIZATION_LEVEL = "-Onone";
			};
			name = Debug;
		};
		03D0D2E62AFC4826006DDFC9 /* Release */ = {
			isa = XCBuildConfiguration;
			buildSettings = {
				ALWAYS_SEARCH_USER_PATHS = NO;
				ASSETCATALOG_COMPILER_GENERATE_SWIFT_ASSET_SYMBOL_EXTENSIONS = YES;
				CLANG_ANALYZER_NONNULL = YES;
				CLANG_ANALYZER_NUMBER_OBJECT_CONVERSION = YES_AGGRESSIVE;
				CLANG_CXX_LANGUAGE_STANDARD = "gnu++20";
				CLANG_ENABLE_MODULES = YES;
				CLANG_ENABLE_OBJC_ARC = YES;
				CLANG_ENABLE_OBJC_WEAK = YES;
				CLANG_WARN_BLOCK_CAPTURE_AUTORELEASING = YES;
				CLANG_WARN_BOOL_CONVERSION = YES;
				CLANG_WARN_COMMA = YES;
				CLANG_WARN_CONSTANT_CONVERSION = YES;
				CLANG_WARN_DEPRECATED_OBJC_IMPLEMENTATIONS = YES;
				CLANG_WARN_DIRECT_OBJC_ISA_USAGE = YES_ERROR;
				CLANG_WARN_DOCUMENTATION_COMMENTS = YES;
				CLANG_WARN_EMPTY_BODY = YES;
				CLANG_WARN_ENUM_CONVERSION = YES;
				CLANG_WARN_INFINITE_RECURSION = YES;
				CLANG_WARN_INT_CONVERSION = YES;
				CLANG_WARN_NON_LITERAL_NULL_CONVERSION = YES;
				CLANG_WARN_OBJC_IMPLICIT_RETAIN_SELF = YES;
				CLANG_WARN_OBJC_LITERAL_CONVERSION = YES;
				CLANG_WARN_OBJC_ROOT_CLASS = YES_ERROR;
				CLANG_WARN_QUOTED_INCLUDE_IN_FRAMEWORK_HEADER = YES;
				CLANG_WARN_RANGE_LOOP_ANALYSIS = YES;
				CLANG_WARN_STRICT_PROTOTYPES = YES;
				CLANG_WARN_SUSPICIOUS_MOVE = YES;
				CLANG_WARN_UNGUARDED_AVAILABILITY = YES_AGGRESSIVE;
				CLANG_WARN_UNREACHABLE_CODE = YES;
				CLANG_WARN__DUPLICATE_METHOD_MATCH = YES;
				COPY_PHASE_STRIP = NO;
				DEBUG_INFORMATION_FORMAT = "dwarf-with-dsym";
				ENABLE_NS_ASSERTIONS = NO;
				ENABLE_STRICT_OBJC_MSGSEND = YES;
				ENABLE_USER_SCRIPT_SANDBOXING = YES;
				GCC_C_LANGUAGE_STANDARD = gnu17;
				GCC_NO_COMMON_BLOCKS = YES;
				GCC_WARN_64_TO_32_BIT_CONVERSION = YES;
				GCC_WARN_ABOUT_RETURN_TYPE = YES_ERROR;
				GCC_WARN_UNDECLARED_SELECTOR = YES;
				GCC_WARN_UNINITIALIZED_AUTOS = YES_AGGRESSIVE;
				GCC_WARN_UNUSED_FUNCTION = YES;
				GCC_WARN_UNUSED_VARIABLE = YES;
				IPHONEOS_DEPLOYMENT_TARGET = 17.0;
				LOCALIZATION_PREFERS_STRING_CATALOGS = YES;
				MTL_ENABLE_DEBUG_INFO = NO;
				MTL_FAST_MATH = YES;
				SDKROOT = iphoneos;
				SWIFT_COMPILATION_MODE = wholemodule;
				VALIDATE_PRODUCT = YES;
			};
			name = Release;
		};
		03D0D2E82AFC4826006DDFC9 /* Debug */ = {
			isa = XCBuildConfiguration;
			buildSettings = {
				ASSETCATALOG_COMPILER_APPICON_NAME = AppIcon;
				ASSETCATALOG_COMPILER_GLOBAL_ACCENT_COLOR_NAME = AccentColor;
				CODE_SIGN_STYLE = Automatic;
				CURRENT_PROJECT_VERSION = 1;
				GENERATE_INFOPLIST_FILE = YES;
				INFOPLIST_FILE = "Travel Buds/Info.plist";
				INFOPLIST_KEY_UIApplicationSupportsIndirectInputEvents = YES;
				INFOPLIST_KEY_UILaunchStoryboardName = LaunchScreen;
				INFOPLIST_KEY_UIMainStoryboardFile = Main;
				INFOPLIST_KEY_UISupportedInterfaceOrientations_iPad = "UIInterfaceOrientationPortrait UIInterfaceOrientationPortraitUpsideDown UIInterfaceOrientationLandscapeLeft UIInterfaceOrientationLandscapeRight";
				INFOPLIST_KEY_UISupportedInterfaceOrientations_iPhone = "UIInterfaceOrientationPortrait UIInterfaceOrientationLandscapeLeft UIInterfaceOrientationLandscapeRight";
				LD_RUNPATH_SEARCH_PATHS = (
					"$(inherited)",
					"@executable_path/Frameworks",
				);
				MARKETING_VERSION = 1.0;
				"OTHER_LDFLAGS[arch=*]" = "-ObjC";
				PRODUCT_BUNDLE_IDENTIFIER = com.travelbuds;
				PRODUCT_NAME = "$(TARGET_NAME)";
				SWIFT_EMIT_LOC_STRINGS = YES;
				SWIFT_VERSION = 5.0;
				TARGETED_DEVICE_FAMILY = "1,2";
			};
			name = Debug;
		};
		03D0D2E92AFC4826006DDFC9 /* Release */ = {
			isa = XCBuildConfiguration;
			buildSettings = {
				ASSETCATALOG_COMPILER_APPICON_NAME = AppIcon;
				ASSETCATALOG_COMPILER_GLOBAL_ACCENT_COLOR_NAME = AccentColor;
				CODE_SIGN_STYLE = Automatic;
				CURRENT_PROJECT_VERSION = 1;
				GENERATE_INFOPLIST_FILE = YES;
				INFOPLIST_FILE = "Travel Buds/Info.plist";
				INFOPLIST_KEY_UIApplicationSupportsIndirectInputEvents = YES;
				INFOPLIST_KEY_UILaunchStoryboardName = LaunchScreen;
				INFOPLIST_KEY_UIMainStoryboardFile = Main;
				INFOPLIST_KEY_UISupportedInterfaceOrientations_iPad = "UIInterfaceOrientationPortrait UIInterfaceOrientationPortraitUpsideDown UIInterfaceOrientationLandscapeLeft UIInterfaceOrientationLandscapeRight";
				INFOPLIST_KEY_UISupportedInterfaceOrientations_iPhone = "UIInterfaceOrientationPortrait UIInterfaceOrientationLandscapeLeft UIInterfaceOrientationLandscapeRight";
				LD_RUNPATH_SEARCH_PATHS = (
					"$(inherited)",
					"@executable_path/Frameworks",
				);
				MARKETING_VERSION = 1.0;
				"OTHER_LDFLAGS[arch=*]" = "-ObjC";
				PRODUCT_BUNDLE_IDENTIFIER = com.travelbuds;
				PRODUCT_NAME = "$(TARGET_NAME)";
				SWIFT_EMIT_LOC_STRINGS = YES;
				SWIFT_VERSION = 5.0;
				TARGETED_DEVICE_FAMILY = "1,2";
			};
			name = Release;
		};
/* End XCBuildConfiguration section */

/* Begin XCConfigurationList section */
		03D0D2CE2AFC4823006DDFC9 /* Build configuration list for PBXProject "Travel Buds" */ = {
			isa = XCConfigurationList;
			buildConfigurations = (
				03D0D2E52AFC4826006DDFC9 /* Debug */,
				03D0D2E62AFC4826006DDFC9 /* Release */,
			);
			defaultConfigurationIsVisible = 0;
			defaultConfigurationName = Release;
		};
		03D0D2E72AFC4826006DDFC9 /* Build configuration list for PBXNativeTarget "Travel Buds" */ = {
			isa = XCConfigurationList;
			buildConfigurations = (
				03D0D2E82AFC4826006DDFC9 /* Debug */,
				03D0D2E92AFC4826006DDFC9 /* Release */,
			);
			defaultConfigurationIsVisible = 0;
			defaultConfigurationName = Release;
		};
/* End XCConfigurationList section */

/* Begin XCRemoteSwiftPackageReference section */
		030204CE2B07132C00A8779B /* XCRemoteSwiftPackageReference "firebase-ios-sdk" */ = {
			isa = XCRemoteSwiftPackageReference;
			repositoryURL = "https://github.com/firebase/firebase-ios-sdk.git";
			requirement = {
				kind = upToNextMajorVersion;
				minimumVersion = 10.18.0;
			};
		};
/* End XCRemoteSwiftPackageReference section */

/* Begin XCSwiftPackageProductDependency section */
		030204CF2B07132C00A8779B /* FirebaseAnalytics */ = {
			isa = XCSwiftPackageProductDependency;
			package = 030204CE2B07132C00A8779B /* XCRemoteSwiftPackageReference "firebase-ios-sdk" */;
			productName = FirebaseAnalytics;
		};
		030204D12B07132C00A8779B /* FirebaseAnalyticsOnDeviceConversion */ = {
			isa = XCSwiftPackageProductDependency;
			package = 030204CE2B07132C00A8779B /* XCRemoteSwiftPackageReference "firebase-ios-sdk" */;
			productName = FirebaseAnalyticsOnDeviceConversion;
		};
		030204D32B07132C00A8779B /* FirebaseAnalyticsSwift */ = {
			isa = XCSwiftPackageProductDependency;
			package = 030204CE2B07132C00A8779B /* XCRemoteSwiftPackageReference "firebase-ios-sdk" */;
			productName = FirebaseAnalyticsSwift;
		};
		030204D52B07132C00A8779B /* FirebaseAnalyticsWithoutAdIdSupport */ = {
			isa = XCSwiftPackageProductDependency;
			package = 030204CE2B07132C00A8779B /* XCRemoteSwiftPackageReference "firebase-ios-sdk" */;
			productName = FirebaseAnalyticsWithoutAdIdSupport;
		};
		030204D72B07132C00A8779B /* FirebaseAppCheck */ = {
			isa = XCSwiftPackageProductDependency;
			package = 030204CE2B07132C00A8779B /* XCRemoteSwiftPackageReference "firebase-ios-sdk" */;
			productName = FirebaseAppCheck;
		};
		030204D92B07132C00A8779B /* FirebaseAppDistribution-Beta */ = {
			isa = XCSwiftPackageProductDependency;
			package = 030204CE2B07132C00A8779B /* XCRemoteSwiftPackageReference "firebase-ios-sdk" */;
			productName = "FirebaseAppDistribution-Beta";
		};
		030204DB2B07132C00A8779B /* FirebaseAuth */ = {
			isa = XCSwiftPackageProductDependency;
			package = 030204CE2B07132C00A8779B /* XCRemoteSwiftPackageReference "firebase-ios-sdk" */;
			productName = FirebaseAuth;
		};
		030204DD2B07132C00A8779B /* FirebaseAuthCombine-Community */ = {
			isa = XCSwiftPackageProductDependency;
			package = 030204CE2B07132C00A8779B /* XCRemoteSwiftPackageReference "firebase-ios-sdk" */;
			productName = "FirebaseAuthCombine-Community";
		};
		030204DF2B07132C00A8779B /* FirebaseCrashlytics */ = {
			isa = XCSwiftPackageProductDependency;
			package = 030204CE2B07132C00A8779B /* XCRemoteSwiftPackageReference "firebase-ios-sdk" */;
			productName = FirebaseCrashlytics;
		};
		030204E12B07132C00A8779B /* FirebaseDatabase */ = {
			isa = XCSwiftPackageProductDependency;
			package = 030204CE2B07132C00A8779B /* XCRemoteSwiftPackageReference "firebase-ios-sdk" */;
			productName = FirebaseDatabase;
		};
		030204E32B07132C00A8779B /* FirebaseDatabaseSwift */ = {
			isa = XCSwiftPackageProductDependency;
			package = 030204CE2B07132C00A8779B /* XCRemoteSwiftPackageReference "firebase-ios-sdk" */;
			productName = FirebaseDatabaseSwift;
		};
		030204E52B07132C00A8779B /* FirebaseDynamicLinks */ = {
			isa = XCSwiftPackageProductDependency;
			package = 030204CE2B07132C00A8779B /* XCRemoteSwiftPackageReference "firebase-ios-sdk" */;
			productName = FirebaseDynamicLinks;
		};
		030204E72B07132C00A8779B /* FirebaseFirestore */ = {
			isa = XCSwiftPackageProductDependency;
			package = 030204CE2B07132C00A8779B /* XCRemoteSwiftPackageReference "firebase-ios-sdk" */;
			productName = FirebaseFirestore;
		};
		030204E92B07132C00A8779B /* FirebaseFirestoreCombine-Community */ = {
			isa = XCSwiftPackageProductDependency;
			package = 030204CE2B07132C00A8779B /* XCRemoteSwiftPackageReference "firebase-ios-sdk" */;
			productName = "FirebaseFirestoreCombine-Community";
		};
		030204EB2B07132C00A8779B /* FirebaseFirestoreSwift */ = {
			isa = XCSwiftPackageProductDependency;
			package = 030204CE2B07132C00A8779B /* XCRemoteSwiftPackageReference "firebase-ios-sdk" */;
			productName = FirebaseFirestoreSwift;
		};
		030204ED2B07132C00A8779B /* FirebaseFunctions */ = {
			isa = XCSwiftPackageProductDependency;
			package = 030204CE2B07132C00A8779B /* XCRemoteSwiftPackageReference "firebase-ios-sdk" */;
			productName = FirebaseFunctions;
		};
		030204EF2B07132C00A8779B /* FirebaseFunctionsCombine-Community */ = {
			isa = XCSwiftPackageProductDependency;
			package = 030204CE2B07132C00A8779B /* XCRemoteSwiftPackageReference "firebase-ios-sdk" */;
			productName = "FirebaseFunctionsCombine-Community";
		};
		030204F12B07132C00A8779B /* FirebaseInAppMessaging-Beta */ = {
			isa = XCSwiftPackageProductDependency;
			package = 030204CE2B07132C00A8779B /* XCRemoteSwiftPackageReference "firebase-ios-sdk" */;
			productName = "FirebaseInAppMessaging-Beta";
		};
		030204F32B07132C00A8779B /* FirebaseInAppMessagingSwift-Beta */ = {
			isa = XCSwiftPackageProductDependency;
			package = 030204CE2B07132C00A8779B /* XCRemoteSwiftPackageReference "firebase-ios-sdk" */;
			productName = "FirebaseInAppMessagingSwift-Beta";
		};
		030204F52B07132C00A8779B /* FirebaseInstallations */ = {
			isa = XCSwiftPackageProductDependency;
			package = 030204CE2B07132C00A8779B /* XCRemoteSwiftPackageReference "firebase-ios-sdk" */;
			productName = FirebaseInstallations;
		};
		030204F72B07132C00A8779B /* FirebaseMLModelDownloader */ = {
			isa = XCSwiftPackageProductDependency;
			package = 030204CE2B07132C00A8779B /* XCRemoteSwiftPackageReference "firebase-ios-sdk" */;
			productName = FirebaseMLModelDownloader;
		};
		030204F92B07132C00A8779B /* FirebaseMessaging */ = {
			isa = XCSwiftPackageProductDependency;
			package = 030204CE2B07132C00A8779B /* XCRemoteSwiftPackageReference "firebase-ios-sdk" */;
			productName = FirebaseMessaging;
		};
		030204FB2B07132C00A8779B /* FirebasePerformance */ = {
			isa = XCSwiftPackageProductDependency;
			package = 030204CE2B07132C00A8779B /* XCRemoteSwiftPackageReference "firebase-ios-sdk" */;
			productName = FirebasePerformance;
		};
		030204FD2B07132C00A8779B /* FirebaseRemoteConfig */ = {
			isa = XCSwiftPackageProductDependency;
			package = 030204CE2B07132C00A8779B /* XCRemoteSwiftPackageReference "firebase-ios-sdk" */;
			productName = FirebaseRemoteConfig;
		};
		030204FF2B07132C00A8779B /* FirebaseRemoteConfigSwift */ = {
			isa = XCSwiftPackageProductDependency;
			package = 030204CE2B07132C00A8779B /* XCRemoteSwiftPackageReference "firebase-ios-sdk" */;
			productName = FirebaseRemoteConfigSwift;
		};
		030205012B07132C00A8779B /* FirebaseStorage */ = {
			isa = XCSwiftPackageProductDependency;
			package = 030204CE2B07132C00A8779B /* XCRemoteSwiftPackageReference "firebase-ios-sdk" */;
			productName = FirebaseStorage;
		};
		030205032B07132C00A8779B /* FirebaseStorageCombine-Community */ = {
			isa = XCSwiftPackageProductDependency;
			package = 030204CE2B07132C00A8779B /* XCRemoteSwiftPackageReference "firebase-ios-sdk" */;
			productName = "FirebaseStorageCombine-Community";
		};
/* End XCSwiftPackageProductDependency section */
	};
	rootObject = 03D0D2CB2AFC4823006DDFC9 /* Project object */;
}
