// !$*UTF8*$!
{
	archiveVersion = 1;
	classes = {
	};
	objectVersion = 56;
	objects = {

/* Begin PBXBuildFile section */
		030204DC2B07132C00A8779B /* FirebaseAuth in Frameworks */ = {isa = PBXBuildFile; productRef = 030204DB2B07132C00A8779B /* FirebaseAuth */; };
		030204E82B07132C00A8779B /* FirebaseFirestore in Frameworks */ = {isa = PBXBuildFile; productRef = 030204E72B07132C00A8779B /* FirebaseFirestore */; };
		030204EE2B07132C00A8779B /* FirebaseFunctions in Frameworks */ = {isa = PBXBuildFile; productRef = 030204ED2B07132C00A8779B /* FirebaseFunctions */; };
		030205062B07193400A8779B /* GoogleService-Info.plist in Resources */ = {isa = PBXBuildFile; fileRef = 030205052B07193400A8779B /* GoogleService-Info.plist */; };
		031901652B0AE03A00E5013A /* FirebaseDatabase in Frameworks */ = {isa = PBXBuildFile; productRef = 031901642B0AE03A00E5013A /* FirebaseDatabase */; };
		0376C6092B086BAE0022BAD1 /* User.swift in Sources */ = {isa = PBXBuildFile; fileRef = 0376C6082B086BAE0022BAD1 /* User.swift */; };
		03D0D2D72AFC4823006DDFC9 /* AppDelegate.swift in Sources */ = {isa = PBXBuildFile; fileRef = 03D0D2D62AFC4823006DDFC9 /* AppDelegate.swift */; };
		03D0D2D92AFC4823006DDFC9 /* SceneDelegate.swift in Sources */ = {isa = PBXBuildFile; fileRef = 03D0D2D82AFC4823006DDFC9 /* SceneDelegate.swift */; };
		03D0D2DB2AFC4823006DDFC9 /* LogInViewController.swift in Sources */ = {isa = PBXBuildFile; fileRef = 03D0D2DA2AFC4823006DDFC9 /* LogInViewController.swift */; };
		03D0D2DE2AFC4823006DDFC9 /* Main.storyboard in Resources */ = {isa = PBXBuildFile; fileRef = 03D0D2DC2AFC4823006DDFC9 /* Main.storyboard */; };
		03D0D2E02AFC4826006DDFC9 /* Assets.xcassets in Resources */ = {isa = PBXBuildFile; fileRef = 03D0D2DF2AFC4826006DDFC9 /* Assets.xcassets */; };
		03D0D2E32AFC4826006DDFC9 /* LaunchScreen.storyboard in Resources */ = {isa = PBXBuildFile; fileRef = 03D0D2E12AFC4826006DDFC9 /* LaunchScreen.storyboard */; };
		03D0D2ED2AFC6D27006DDFC9 /* TableViewController.swift in Sources */ = {isa = PBXBuildFile; fileRef = 03D0D2EC2AFC6D27006DDFC9 /* TableViewController.swift */; };
		03D0D2F12AFC72A1006DDFC9 /* AddTripController.swift in Sources */ = {isa = PBXBuildFile; fileRef = 03D0D2F02AFC72A1006DDFC9 /* AddTripController.swift */; };
		0D35A0082B073AFF0016D483 /* FirebaseStorage in Frameworks */ = {isa = PBXBuildFile; productRef = 0D35A0072B073AFF0016D483 /* FirebaseStorage */; };
		0DE4203F2B0AF1FE00421126 /* FirebaseManager.swift in Sources */ = {isa = PBXBuildFile; fileRef = 0DE4203E2B0AF1FE00421126 /* FirebaseManager.swift */; };
		477789F22AFD70780050DC99 /* chatDetailViewController.swift in Sources */ = {isa = PBXBuildFile; fileRef = 477789F12AFD70780050DC99 /* chatDetailViewController.swift */; };
		477789F42AFDA0CD0050DC99 /* chatTableViewController.swift in Sources */ = {isa = PBXBuildFile; fileRef = 477789F32AFDA0CD0050DC99 /* chatTableViewController.swift */; };
		478AB06D2B0AFD3C0084FD3D /* MainMessagesView.swift in Sources */ = {isa = PBXBuildFile; fileRef = 478AB06C2B0AFD3C0084FD3D /* MainMessagesView.swift */; };
		478AB06F2B0AFDA20084FD3D /* LoginView.swift in Sources */ = {isa = PBXBuildFile; fileRef = 478AB06E2B0AFDA20084FD3D /* LoginView.swift */; };
		478AB0712B0B29710084FD3D /* ChatView.swift in Sources */ = {isa = PBXBuildFile; fileRef = 478AB0702B0B29710084FD3D /* ChatView.swift */; };
		478AB0732B0BFC080084FD3D /* TabBarView.swift in Sources */ = {isa = PBXBuildFile; fileRef = 478AB0722B0BFC080084FD3D /* TabBarView.swift */; };
		47B42C782B070D6C00CFDBA1 /* TitleRow.swift in Sources */ = {isa = PBXBuildFile; fileRef = 47B42C772B070D6C00CFDBA1 /* TitleRow.swift */; };
		47B42C7A2B07125800CFDBA1 /* ChatContentView.swift in Sources */ = {isa = PBXBuildFile; fileRef = 47B42C792B07125800CFDBA1 /* ChatContentView.swift */; };
		47B42C7D2B0712FC00CFDBA1 /* Message.swift in Sources */ = {isa = PBXBuildFile; fileRef = 47B42C7C2B0712FC00CFDBA1 /* Message.swift */; };
		47B42C7F2B07137600CFDBA1 /* MessageBubble.swift in Sources */ = {isa = PBXBuildFile; fileRef = 47B42C7E2B07137600CFDBA1 /* MessageBubble.swift */; };
		47B42C812B0718FB00CFDBA1 /* Extensions.swift in Sources */ = {isa = PBXBuildFile; fileRef = 47B42C802B0718FB00CFDBA1 /* Extensions.swift */; };
		47B42C832B07198F00CFDBA1 /* MessageField.swift in Sources */ = {isa = PBXBuildFile; fileRef = 47B42C822B07198F00CFDBA1 /* MessageField.swift */; };
/* End PBXBuildFile section */

/* Begin PBXFileReference section */
		030205052B07193400A8779B /* GoogleService-Info.plist */ = {isa = PBXFileReference; fileEncoding = 4; lastKnownFileType = text.plist.xml; path = "GoogleService-Info.plist"; sourceTree = "<group>"; };
		0376C6082B086BAE0022BAD1 /* User.swift */ = {isa = PBXFileReference; lastKnownFileType = sourcecode.swift; path = User.swift; sourceTree = "<group>"; };
		03D0D2D32AFC4823006DDFC9 /* Travel Buds.app */ = {isa = PBXFileReference; explicitFileType = wrapper.application; includeInIndex = 0; path = "Travel Buds.app"; sourceTree = BUILT_PRODUCTS_DIR; };
		03D0D2D62AFC4823006DDFC9 /* AppDelegate.swift */ = {isa = PBXFileReference; lastKnownFileType = sourcecode.swift; path = AppDelegate.swift; sourceTree = "<group>"; };
		03D0D2D82AFC4823006DDFC9 /* SceneDelegate.swift */ = {isa = PBXFileReference; lastKnownFileType = sourcecode.swift; path = SceneDelegate.swift; sourceTree = "<group>"; };
		03D0D2DA2AFC4823006DDFC9 /* LogInViewController.swift */ = {isa = PBXFileReference; lastKnownFileType = sourcecode.swift; path = LogInViewController.swift; sourceTree = "<group>"; };
		03D0D2DD2AFC4823006DDFC9 /* Base */ = {isa = PBXFileReference; lastKnownFileType = file.storyboard; name = Base; path = Base.lproj/Main.storyboard; sourceTree = "<group>"; };
		03D0D2DF2AFC4826006DDFC9 /* Assets.xcassets */ = {isa = PBXFileReference; lastKnownFileType = folder.assetcatalog; path = Assets.xcassets; sourceTree = "<group>"; };
		03D0D2E22AFC4826006DDFC9 /* Base */ = {isa = PBXFileReference; lastKnownFileType = file.storyboard; name = Base; path = Base.lproj/LaunchScreen.storyboard; sourceTree = "<group>"; };
		03D0D2E42AFC4826006DDFC9 /* Info.plist */ = {isa = PBXFileReference; lastKnownFileType = text.plist.xml; path = Info.plist; sourceTree = "<group>"; };
		03D0D2EC2AFC6D27006DDFC9 /* TableViewController.swift */ = {isa = PBXFileReference; lastKnownFileType = sourcecode.swift; path = TableViewController.swift; sourceTree = "<group>"; };
		03D0D2F02AFC72A1006DDFC9 /* AddTripController.swift */ = {isa = PBXFileReference; lastKnownFileType = sourcecode.swift; path = AddTripController.swift; sourceTree = "<group>"; };
		0DE4203E2B0AF1FE00421126 /* FirebaseManager.swift */ = {isa = PBXFileReference; lastKnownFileType = sourcecode.swift; path = FirebaseManager.swift; sourceTree = "<group>"; };
		477789F12AFD70780050DC99 /* chatDetailViewController.swift */ = {isa = PBXFileReference; lastKnownFileType = sourcecode.swift; path = chatDetailViewController.swift; sourceTree = "<group>"; };
		477789F32AFDA0CD0050DC99 /* chatTableViewController.swift */ = {isa = PBXFileReference; lastKnownFileType = sourcecode.swift; path = chatTableViewController.swift; sourceTree = "<group>"; };
		478AB06C2B0AFD3C0084FD3D /* MainMessagesView.swift */ = {isa = PBXFileReference; lastKnownFileType = sourcecode.swift; path = MainMessagesView.swift; sourceTree = "<group>"; };
		478AB06E2B0AFDA20084FD3D /* LoginView.swift */ = {isa = PBXFileReference; lastKnownFileType = sourcecode.swift; path = LoginView.swift; sourceTree = "<group>"; };
		478AB0702B0B29710084FD3D /* ChatView.swift */ = {isa = PBXFileReference; lastKnownFileType = sourcecode.swift; path = ChatView.swift; sourceTree = "<group>"; };
		478AB0722B0BFC080084FD3D /* TabBarView.swift */ = {isa = PBXFileReference; lastKnownFileType = sourcecode.swift; path = TabBarView.swift; sourceTree = "<group>"; };
		47B42C772B070D6C00CFDBA1 /* TitleRow.swift */ = {isa = PBXFileReference; lastKnownFileType = sourcecode.swift; path = TitleRow.swift; sourceTree = "<group>"; };
		47B42C792B07125800CFDBA1 /* ChatContentView.swift */ = {isa = PBXFileReference; lastKnownFileType = sourcecode.swift; path = ChatContentView.swift; sourceTree = "<group>"; };
		47B42C7C2B0712FC00CFDBA1 /* Message.swift */ = {isa = PBXFileReference; lastKnownFileType = sourcecode.swift; path = Message.swift; sourceTree = "<group>"; };
		47B42C7E2B07137600CFDBA1 /* MessageBubble.swift */ = {isa = PBXFileReference; lastKnownFileType = sourcecode.swift; path = MessageBubble.swift; sourceTree = "<group>"; };
		47B42C802B0718FB00CFDBA1 /* Extensions.swift */ = {isa = PBXFileReference; lastKnownFileType = sourcecode.swift; path = Extensions.swift; sourceTree = "<group>"; };
		47B42C822B07198F00CFDBA1 /* MessageField.swift */ = {isa = PBXFileReference; lastKnownFileType = sourcecode.swift; path = MessageField.swift; sourceTree = "<group>"; };
/* End PBXFileReference section */

/* Begin PBXFrameworksBuildPhase section */
		03D0D2D02AFC4823006DDFC9 /* Frameworks */ = {
			isa = PBXFrameworksBuildPhase;
			buildActionMask = 2147483647;
			files = (
				031901652B0AE03A00E5013A /* FirebaseDatabase in Frameworks */,
				030204E82B07132C00A8779B /* FirebaseFirestore in Frameworks */,
				030204DC2B07132C00A8779B /* FirebaseAuth in Frameworks */,
				0D35A0082B073AFF0016D483 /* FirebaseStorage in Frameworks */,
				030204EE2B07132C00A8779B /* FirebaseFunctions in Frameworks */,
			);
			runOnlyForDeploymentPostprocessing = 0;
		};
/* End PBXFrameworksBuildPhase section */

/* Begin PBXGroup section */
		0376C60A2B086CDF0022BAD1 /* Frameworks */ = {
			isa = PBXGroup;
			children = (
			);
			name = Frameworks;
			sourceTree = "<group>";
		};
		03D0D2CA2AFC4823006DDFC9 = {
			isa = PBXGroup;
			children = (
				03D0D2D52AFC4823006DDFC9 /* Travel Buds */,
				03D0D2D42AFC4823006DDFC9 /* Products */,
				0376C60A2B086CDF0022BAD1 /* Frameworks */,
			);
			sourceTree = "<group>";
		};
		03D0D2D42AFC4823006DDFC9 /* Products */ = {
			isa = PBXGroup;
			children = (
				03D0D2D32AFC4823006DDFC9 /* Travel Buds.app */,
			);
			name = Products;
			sourceTree = "<group>";
		};
		03D0D2D52AFC4823006DDFC9 /* Travel Buds */ = {
			isa = PBXGroup;
			children = (
				47B42C7B2B0712E200CFDBA1 /* Chat Models */,
				47B42C762B070D2B00CFDBA1 /* Chat Components */,
				03D0D2D62AFC4823006DDFC9 /* AppDelegate.swift */,
				477789F12AFD70780050DC99 /* chatDetailViewController.swift */,
				03D0D2D82AFC4823006DDFC9 /* SceneDelegate.swift */,
				03D0D2DA2AFC4823006DDFC9 /* LogInViewController.swift */,
				03D0D2EC2AFC6D27006DDFC9 /* TableViewController.swift */,
				03D0D2F02AFC72A1006DDFC9 /* AddTripController.swift */,
				030205052B07193400A8779B /* GoogleService-Info.plist */,
				03D0D2DC2AFC4823006DDFC9 /* Main.storyboard */,
				03D0D2DF2AFC4826006DDFC9 /* Assets.xcassets */,
				03D0D2E12AFC4826006DDFC9 /* LaunchScreen.storyboard */,
				03D0D2E42AFC4826006DDFC9 /* Info.plist */,
				477789F32AFDA0CD0050DC99 /* chatTableViewController.swift */,
				47B42C802B0718FB00CFDBA1 /* Extensions.swift */,
				0376C6082B086BAE0022BAD1 /* User.swift */,
				478AB0722B0BFC080084FD3D /* TabBarView.swift */,
			);
			path = "Travel Buds";
			sourceTree = "<group>";
		};
		47B42C762B070D2B00CFDBA1 /* Chat Components */ = {
			isa = PBXGroup;
			children = (
				47B42C772B070D6C00CFDBA1 /* TitleRow.swift */,
				47B42C7E2B07137600CFDBA1 /* MessageBubble.swift */,
				47B42C822B07198F00CFDBA1 /* MessageField.swift */,
			);
			path = "Chat Components";
			sourceTree = "<group>";
		};
		47B42C7B2B0712E200CFDBA1 /* Chat Models */ = {
			isa = PBXGroup;
			children = (
				47B42C792B07125800CFDBA1 /* ChatContentView.swift */,
				47B42C7C2B0712FC00CFDBA1 /* Message.swift */,
				0DE4203E2B0AF1FE00421126 /* FirebaseManager.swift */,
				478AB06E2B0AFDA20084FD3D /* LoginView.swift */,
				478AB06C2B0AFD3C0084FD3D /* MainMessagesView.swift */,
				478AB0702B0B29710084FD3D /* ChatView.swift */,
			);
			path = "Chat Models";
			sourceTree = "<group>";
		};
/* End PBXGroup section */

/* Begin PBXNativeTarget section */
		03D0D2D22AFC4823006DDFC9 /* Travel Buds */ = {
			isa = PBXNativeTarget;
			buildConfigurationList = 03D0D2E72AFC4826006DDFC9 /* Build configuration list for PBXNativeTarget "Travel Buds" */;
			buildPhases = (
				03D0D2CF2AFC4823006DDFC9 /* Sources */,
				03D0D2D02AFC4823006DDFC9 /* Frameworks */,
				03D0D2D12AFC4823006DDFC9 /* Resources */,
			);
			buildRules = (
			);
			dependencies = (
			);
			name = "Travel Buds";
			packageProductDependencies = (
				030204DB2B07132C00A8779B /* FirebaseAuth */,
				030204E72B07132C00A8779B /* FirebaseFirestore */,
				030204ED2B07132C00A8779B /* FirebaseFunctions */,
				0D35A0072B073AFF0016D483 /* FirebaseStorage */,
				031901642B0AE03A00E5013A /* FirebaseDatabase */,
			);
			productName = "Travel Buds";
			productReference = 03D0D2D32AFC4823006DDFC9 /* Travel Buds.app */;
			productType = "com.apple.product-type.application";
		};
/* End PBXNativeTarget section */

/* Begin PBXProject section */
		03D0D2CB2AFC4823006DDFC9 /* Project object */ = {
			isa = PBXProject;
			attributes = {
				BuildIndependentTargetsInParallel = 1;
				LastSwiftUpdateCheck = 1500;
				LastUpgradeCheck = 1500;
				TargetAttributes = {
					03D0D2D22AFC4823006DDFC9 = {
						CreatedOnToolsVersion = 15.0.1;
					};
				};
			};
			buildConfigurationList = 03D0D2CE2AFC4823006DDFC9 /* Build configuration list for PBXProject "Travel Buds" */;
			compatibilityVersion = "Xcode 14.0";
			developmentRegion = en;
			hasScannedForEncodings = 0;
			knownRegions = (
				en,
				Base,
			);
			mainGroup = 03D0D2CA2AFC4823006DDFC9;
			packageReferences = (
				030204CE2B07132C00A8779B /* XCRemoteSwiftPackageReference "firebase-ios-sdk" */,
			);
			productRefGroup = 03D0D2D42AFC4823006DDFC9 /* Products */;
			projectDirPath = "";
			projectRoot = "";
			targets = (
				03D0D2D22AFC4823006DDFC9 /* Travel Buds */,
			);
		};
/* End PBXProject section */

/* Begin PBXResourcesBuildPhase section */
		03D0D2D12AFC4823006DDFC9 /* Resources */ = {
			isa = PBXResourcesBuildPhase;
			buildActionMask = 2147483647;
			files = (
				03D0D2E32AFC4826006DDFC9 /* LaunchScreen.storyboard in Resources */,
				030205062B07193400A8779B /* GoogleService-Info.plist in Resources */,
				03D0D2E02AFC4826006DDFC9 /* Assets.xcassets in Resources */,
				03D0D2DE2AFC4823006DDFC9 /* Main.storyboard in Resources */,
			);
			runOnlyForDeploymentPostprocessing = 0;
		};
/* End PBXResourcesBuildPhase section */

/* Begin PBXSourcesBuildPhase section */
		03D0D2CF2AFC4823006DDFC9 /* Sources */ = {
			isa = PBXSourcesBuildPhase;
			buildActionMask = 2147483647;
			files = (
				03D0D2DB2AFC4823006DDFC9 /* LogInViewController.swift in Sources */,
				03D0D2D72AFC4823006DDFC9 /* AppDelegate.swift in Sources */,
				477789F22AFD70780050DC99 /* chatDetailViewController.swift in Sources */,
				03D0D2F12AFC72A1006DDFC9 /* AddTripController.swift in Sources */,
				478AB0712B0B29710084FD3D /* ChatView.swift in Sources */,
				03D0D2D92AFC4823006DDFC9 /* SceneDelegate.swift in Sources */,
				478AB0732B0BFC080084FD3D /* TabBarView.swift in Sources */,
				47B42C7D2B0712FC00CFDBA1 /* Message.swift in Sources */,
				0376C6092B086BAE0022BAD1 /* User.swift in Sources */,
				47B42C7F2B07137600CFDBA1 /* MessageBubble.swift in Sources */,
				47B42C812B0718FB00CFDBA1 /* Extensions.swift in Sources */,
				47B42C7A2B07125800CFDBA1 /* ChatContentView.swift in Sources */,
				47B42C832B07198F00CFDBA1 /* MessageField.swift in Sources */,
				477789F42AFDA0CD0050DC99 /* chatTableViewController.swift in Sources */,
				478AB06F2B0AFDA20084FD3D /* LoginView.swift in Sources */,
				478AB06D2B0AFD3C0084FD3D /* MainMessagesView.swift in Sources */,
				0DE4203F2B0AF1FE00421126 /* FirebaseManager.swift in Sources */,
				03D0D2ED2AFC6D27006DDFC9 /* TableViewController.swift in Sources */,
				47B42C782B070D6C00CFDBA1 /* TitleRow.swift in Sources */,
			);
			runOnlyForDeploymentPostprocessing = 0;
		};
/* End PBXSourcesBuildPhase section */

/* Begin PBXVariantGroup section */
		03D0D2DC2AFC4823006DDFC9 /* Main.storyboard */ = {
			isa = PBXVariantGroup;
			children = (
				03D0D2DD2AFC4823006DDFC9 /* Base */,
			);
			name = Main.storyboard;
			sourceTree = "<group>";
		};
		03D0D2E12AFC4826006DDFC9 /* LaunchScreen.storyboard */ = {
			isa = PBXVariantGroup;
			children = (
				03D0D2E22AFC4826006DDFC9 /* Base */,
			);
			name = LaunchScreen.storyboard;
			sourceTree = "<group>";
		};
/* End PBXVariantGroup section */

/* Begin XCBuildConfiguration section */
		03D0D2E52AFC4826006DDFC9 /* Debug */ = {
			isa = XCBuildConfiguration;
			buildSettings = {
				ALWAYS_SEARCH_USER_PATHS = NO;
				ASSETCATALOG_COMPILER_GENERATE_SWIFT_ASSET_SYMBOL_EXTENSIONS = YES;
				CLANG_ANALYZER_NONNULL = YES;
				CLANG_ANALYZER_NUMBER_OBJECT_CONVERSION = YES_AGGRESSIVE;
				CLANG_CXX_LANGUAGE_STANDARD = "gnu++20";
				CLANG_ENABLE_MODULES = YES;
				CLANG_ENABLE_OBJC_ARC = YES;
				CLANG_ENABLE_OBJC_WEAK = YES;
				CLANG_WARN_BLOCK_CAPTURE_AUTORELEASING = YES;
				CLANG_WARN_BOOL_CONVERSION = YES;
				CLANG_WARN_COMMA = YES;
				CLANG_WARN_CONSTANT_CONVERSION = YES;
				CLANG_WARN_DEPRECATED_OBJC_IMPLEMENTATIONS = YES;
				CLANG_WARN_DIRECT_OBJC_ISA_USAGE = YES_ERROR;
				CLANG_WARN_DOCUMENTATION_COMMENTS = YES;
				CLANG_WARN_EMPTY_BODY = YES;
				CLANG_WARN_ENUM_CONVERSION = YES;
				CLANG_WARN_INFINITE_RECURSION = YES;
				CLANG_WARN_INT_CONVERSION = YES;
				CLANG_WARN_NON_LITERAL_NULL_CONVERSION = YES;
				CLANG_WARN_OBJC_IMPLICIT_RETAIN_SELF = YES;
				CLANG_WARN_OBJC_LITERAL_CONVERSION = YES;
				CLANG_WARN_OBJC_ROOT_CLASS = YES_ERROR;
				CLANG_WARN_QUOTED_INCLUDE_IN_FRAMEWORK_HEADER = YES;
				CLANG_WARN_RANGE_LOOP_ANALYSIS = YES;
				CLANG_WARN_STRICT_PROTOTYPES = YES;
				CLANG_WARN_SUSPICIOUS_MOVE = YES;
				CLANG_WARN_UNGUARDED_AVAILABILITY = YES_AGGRESSIVE;
				CLANG_WARN_UNREACHABLE_CODE = YES;
				CLANG_WARN__DUPLICATE_METHOD_MATCH = YES;
				COPY_PHASE_STRIP = NO;
				DEBUG_INFORMATION_FORMAT = dwarf;
				ENABLE_STRICT_OBJC_MSGSEND = YES;
				ENABLE_TESTABILITY = YES;
				ENABLE_USER_SCRIPT_SANDBOXING = YES;
				GCC_C_LANGUAGE_STANDARD = gnu17;
				GCC_DYNAMIC_NO_PIC = NO;
				GCC_NO_COMMON_BLOCKS = YES;
				GCC_OPTIMIZATION_LEVEL = 0;
				GCC_PREPROCESSOR_DEFINITIONS = (
					"DEBUG=1",
					"$(inherited)",
				);
				GCC_WARN_64_TO_32_BIT_CONVERSION = YES;
				GCC_WARN_ABOUT_RETURN_TYPE = YES_ERROR;
				GCC_WARN_UNDECLARED_SELECTOR = YES;
				GCC_WARN_UNINITIALIZED_AUTOS = YES_AGGRESSIVE;
				GCC_WARN_UNUSED_FUNCTION = YES;
				GCC_WARN_UNUSED_VARIABLE = YES;
				IPHONEOS_DEPLOYMENT_TARGET = 17.0;
				LOCALIZATION_PREFERS_STRING_CATALOGS = YES;
				MTL_ENABLE_DEBUG_INFO = INCLUDE_SOURCE;
				MTL_FAST_MATH = YES;
				ONLY_ACTIVE_ARCH = YES;
				SDKROOT = iphoneos;
				SWIFT_ACTIVE_COMPILATION_CONDITIONS = "DEBUG $(inherited)";
				SWIFT_OPTIMIZATION_LEVEL = "-Onone";
			};
			name = Debug;
		};
		03D0D2E62AFC4826006DDFC9 /* Release */ = {
			isa = XCBuildConfiguration;
			buildSettings = {
				ALWAYS_SEARCH_USER_PATHS = NO;
				ASSETCATALOG_COMPILER_GENERATE_SWIFT_ASSET_SYMBOL_EXTENSIONS = YES;
				CLANG_ANALYZER_NONNULL = YES;
				CLANG_ANALYZER_NUMBER_OBJECT_CONVERSION = YES_AGGRESSIVE;
				CLANG_CXX_LANGUAGE_STANDARD = "gnu++20";
				CLANG_ENABLE_MODULES = YES;
				CLANG_ENABLE_OBJC_ARC = YES;
				CLANG_ENABLE_OBJC_WEAK = YES;
				CLANG_WARN_BLOCK_CAPTURE_AUTORELEASING = YES;
				CLANG_WARN_BOOL_CONVERSION = YES;
				CLANG_WARN_COMMA = YES;
				CLANG_WARN_CONSTANT_CONVERSION = YES;
				CLANG_WARN_DEPRECATED_OBJC_IMPLEMENTATIONS = YES;
				CLANG_WARN_DIRECT_OBJC_ISA_USAGE = YES_ERROR;
				CLANG_WARN_DOCUMENTATION_COMMENTS = YES;
				CLANG_WARN_EMPTY_BODY = YES;
				CLANG_WARN_ENUM_CONVERSION = YES;
				CLANG_WARN_INFINITE_RECURSION = YES;
				CLANG_WARN_INT_CONVERSION = YES;
				CLANG_WARN_NON_LITERAL_NULL_CONVERSION = YES;
				CLANG_WARN_OBJC_IMPLICIT_RETAIN_SELF = YES;
				CLANG_WARN_OBJC_LITERAL_CONVERSION = YES;
				CLANG_WARN_OBJC_ROOT_CLASS = YES_ERROR;
				CLANG_WARN_QUOTED_INCLUDE_IN_FRAMEWORK_HEADER = YES;
				CLANG_WARN_RANGE_LOOP_ANALYSIS = YES;
				CLANG_WARN_STRICT_PROTOTYPES = YES;
				CLANG_WARN_SUSPICIOUS_MOVE = YES;
				CLANG_WARN_UNGUARDED_AVAILABILITY = YES_AGGRESSIVE;
				CLANG_WARN_UNREACHABLE_CODE = YES;
				CLANG_WARN__DUPLICATE_METHOD_MATCH = YES;
				COPY_PHASE_STRIP = NO;
				DEBUG_INFORMATION_FORMAT = "dwarf-with-dsym";
				ENABLE_NS_ASSERTIONS = NO;
				ENABLE_STRICT_OBJC_MSGSEND = YES;
				ENABLE_USER_SCRIPT_SANDBOXING = YES;
				GCC_C_LANGUAGE_STANDARD = gnu17;
				GCC_NO_COMMON_BLOCKS = YES;
				GCC_WARN_64_TO_32_BIT_CONVERSION = YES;
				GCC_WARN_ABOUT_RETURN_TYPE = YES_ERROR;
				GCC_WARN_UNDECLARED_SELECTOR = YES;
				GCC_WARN_UNINITIALIZED_AUTOS = YES_AGGRESSIVE;
				GCC_WARN_UNUSED_FUNCTION = YES;
				GCC_WARN_UNUSED_VARIABLE = YES;
				IPHONEOS_DEPLOYMENT_TARGET = 17.0;
				LOCALIZATION_PREFERS_STRING_CATALOGS = YES;
				MTL_ENABLE_DEBUG_INFO = NO;
				MTL_FAST_MATH = YES;
				SDKROOT = iphoneos;
				SWIFT_COMPILATION_MODE = wholemodule;
				VALIDATE_PRODUCT = YES;
			};
			name = Release;
		};
		03D0D2E82AFC4826006DDFC9 /* Debug */ = {
			isa = XCBuildConfiguration;
			buildSettings = {
				ASSETCATALOG_COMPILER_APPICON_NAME = AppIcon;
				ASSETCATALOG_COMPILER_GLOBAL_ACCENT_COLOR_NAME = AccentColor;
				CODE_SIGN_STYLE = Automatic;
				CURRENT_PROJECT_VERSION = 1;
				GENERATE_INFOPLIST_FILE = YES;
				INFOPLIST_FILE = "Travel Buds/Info.plist";
				INFOPLIST_KEY_UIApplicationSupportsIndirectInputEvents = YES;
				INFOPLIST_KEY_UILaunchStoryboardName = LaunchScreen;
				INFOPLIST_KEY_UIMainStoryboardFile = Main;
				INFOPLIST_KEY_UISupportedInterfaceOrientations_iPad = "UIInterfaceOrientationPortrait UIInterfaceOrientationPortraitUpsideDown UIInterfaceOrientationLandscapeLeft UIInterfaceOrientationLandscapeRight";
				INFOPLIST_KEY_UISupportedInterfaceOrientations_iPhone = "UIInterfaceOrientationPortrait UIInterfaceOrientationLandscapeLeft UIInterfaceOrientationLandscapeRight";
				LD_RUNPATH_SEARCH_PATHS = (
					"$(inherited)",
					"@executable_path/Frameworks",
				);
				MARKETING_VERSION = 1.0;
				"OTHER_LDFLAGS[arch=*]" = "-ObjC";
				PRODUCT_BUNDLE_IDENTIFIER = com.travelbuds;
				PRODUCT_NAME = "$(TARGET_NAME)";
				SWIFT_EMIT_LOC_STRINGS = YES;
				SWIFT_VERSION = 5.0;
				TARGETED_DEVICE_FAMILY = "1,2";
			};
			name = Debug;
		};
		03D0D2E92AFC4826006DDFC9 /* Release */ = {
			isa = XCBuildConfiguration;
			buildSettings = {
				ASSETCATALOG_COMPILER_APPICON_NAME = AppIcon;
				ASSETCATALOG_COMPILER_GLOBAL_ACCENT_COLOR_NAME = AccentColor;
				CODE_SIGN_STYLE = Automatic;
				CURRENT_PROJECT_VERSION = 1;
				GENERATE_INFOPLIST_FILE = YES;
				INFOPLIST_FILE = "Travel Buds/Info.plist";
				INFOPLIST_KEY_UIApplicationSupportsIndirectInputEvents = YES;
				INFOPLIST_KEY_UILaunchStoryboardName = LaunchScreen;
				INFOPLIST_KEY_UIMainStoryboardFile = Main;
				INFOPLIST_KEY_UISupportedInterfaceOrientations_iPad = "UIInterfaceOrientationPortrait UIInterfaceOrientationPortraitUpsideDown UIInterfaceOrientationLandscapeLeft UIInterfaceOrientationLandscapeRight";
				INFOPLIST_KEY_UISupportedInterfaceOrientations_iPhone = "UIInterfaceOrientationPortrait UIInterfaceOrientationLandscapeLeft UIInterfaceOrientationLandscapeRight";
				LD_RUNPATH_SEARCH_PATHS = (
					"$(inherited)",
					"@executable_path/Frameworks",
				);
				MARKETING_VERSION = 1.0;
				"OTHER_LDFLAGS[arch=*]" = "-ObjC";
				PRODUCT_BUNDLE_IDENTIFIER = com.travelbuds;
				PRODUCT_NAME = "$(TARGET_NAME)";
				SWIFT_EMIT_LOC_STRINGS = YES;
				SWIFT_VERSION = 5.0;
				TARGETED_DEVICE_FAMILY = "1,2";
			};
			name = Release;
		};
/* End XCBuildConfiguration section */

/* Begin XCConfigurationList section */
		03D0D2CE2AFC4823006DDFC9 /* Build configuration list for PBXProject "Travel Buds" */ = {
			isa = XCConfigurationList;
			buildConfigurations = (
				03D0D2E52AFC4826006DDFC9 /* Debug */,
				03D0D2E62AFC4826006DDFC9 /* Release */,
			);
			defaultConfigurationIsVisible = 0;
			defaultConfigurationName = Release;
		};
		03D0D2E72AFC4826006DDFC9 /* Build configuration list for PBXNativeTarget "Travel Buds" */ = {
			isa = XCConfigurationList;
			buildConfigurations = (
				03D0D2E82AFC4826006DDFC9 /* Debug */,
				03D0D2E92AFC4826006DDFC9 /* Release */,
			);
			defaultConfigurationIsVisible = 0;
			defaultConfigurationName = Release;
		};
/* End XCConfigurationList section */

/* Begin XCRemoteSwiftPackageReference section */
		030204CE2B07132C00A8779B /* XCRemoteSwiftPackageReference "firebase-ios-sdk" */ = {
			isa = XCRemoteSwiftPackageReference;
			repositoryURL = "https://github.com/firebase/firebase-ios-sdk.git";
			requirement = {
				kind = upToNextMajorVersion;
				minimumVersion = 10.18.0;
			};
		};
/* End XCRemoteSwiftPackageReference section */

/* Begin XCSwiftPackageProductDependency section */
		030204DB2B07132C00A8779B /* FirebaseAuth */ = {
			isa = XCSwiftPackageProductDependency;
			package = 030204CE2B07132C00A8779B /* XCRemoteSwiftPackageReference "firebase-ios-sdk" */;
			productName = FirebaseAuth;
		};
		030204E72B07132C00A8779B /* FirebaseFirestore */ = {
			isa = XCSwiftPackageProductDependency;
			package = 030204CE2B07132C00A8779B /* XCRemoteSwiftPackageReference "firebase-ios-sdk" */;
			productName = FirebaseFirestore;
		};
		030204ED2B07132C00A8779B /* FirebaseFunctions */ = {
			isa = XCSwiftPackageProductDependency;
			package = 030204CE2B07132C00A8779B /* XCRemoteSwiftPackageReference "firebase-ios-sdk" */;
			productName = FirebaseFunctions;
		};
		031901642B0AE03A00E5013A /* FirebaseDatabase */ = {
			isa = XCSwiftPackageProductDependency;
			package = 030204CE2B07132C00A8779B /* XCRemoteSwiftPackageReference "firebase-ios-sdk" */;
			productName = FirebaseDatabase;
		};
		0D35A0072B073AFF0016D483 /* FirebaseStorage */ = {
			isa = XCSwiftPackageProductDependency;
			productName = FirebaseStorage;
		};
/* End XCSwiftPackageProductDependency section */
	};
	rootObject = 03D0D2CB2AFC4823006DDFC9 /* Project object */;
}
